// !$*UTF8*$!
{
	archiveVersion = 1;
	classes = {
	};
	objectVersion = 56;
	objects = {

/* Begin PBXBuildFile section */
		040E7F0C2ADA5DA600DD464B /* AppDelegate.swift in Sources */ = {isa = PBXBuildFile; fileRef = 040E7F0B2ADA5DA600DD464B /* AppDelegate.swift */; };
		040E7F0E2ADA5DA600DD464B /* SceneDelegate.swift in Sources */ = {isa = PBXBuildFile; fileRef = 040E7F0D2ADA5DA600DD464B /* SceneDelegate.swift */; };
		040E7F102ADA5DA600DD464B /* ViewController.swift in Sources */ = {isa = PBXBuildFile; fileRef = 040E7F0F2ADA5DA600DD464B /* ViewController.swift */; };
		040E7F152ADA5DA700DD464B /* Assets.xcassets in Resources */ = {isa = PBXBuildFile; fileRef = 040E7F142ADA5DA700DD464B /* Assets.xcassets */; };
		040E7F182ADA5DA700DD464B /* LaunchScreen.storyboard in Resources */ = {isa = PBXBuildFile; fileRef = 040E7F162ADA5DA700DD464B /* LaunchScreen.storyboard */; };
		040E7F202ADA6D1A00DD464B /* SecondViewController.swift in Sources */ = {isa = PBXBuildFile; fileRef = 040E7F1F2ADA6D1A00DD464B /* SecondViewController.swift */; };
		04591CD52AE932B7000B64EE /* protocol.swift in Sources */ = {isa = PBXBuildFile; fileRef = 04591CD42AE932B7000B64EE /* protocol.swift */; };
		045C16C52AE8AF1D0088702F /* timeline.swift in Sources */ = {isa = PBXBuildFile; fileRef = 045C16C42AE8AF1D0088702F /* timeline.swift */; };
		045C16C72AE8BB9D0088702F /* weatherinfo.swift in Sources */ = {isa = PBXBuildFile; fileRef = 045C16C62AE8BB9D0088702F /* weatherinfo.swift */; };
		045C16C92AE8D3B20088702F /* topviewfordetailVC.swift in Sources */ = {isa = PBXBuildFile; fileRef = 045C16C82AE8D3B20088702F /* topviewfordetailVC.swift */; };
		046C8E482AEB6BDE000ABF83 /* SF-Pro-Display-Semibold.otf in Resources */ = {isa = PBXBuildFile; fileRef = 046C8E362AEB6BDD000ABF83 /* SF-Pro-Display-Semibold.otf */; };
		046C8E492AEB6BDE000ABF83 /* SF-Pro-Display-Heavy.otf in Resources */ = {isa = PBXBuildFile; fileRef = 046C8E372AEB6BDD000ABF83 /* SF-Pro-Display-Heavy.otf */; };
		046C8E4A2AEB6BDE000ABF83 /* SF-Pro-Display-Bold.otf in Resources */ = {isa = PBXBuildFile; fileRef = 046C8E382AEB6BDD000ABF83 /* SF-Pro-Display-Bold.otf */; };
		046C8E4B2AEB6BDE000ABF83 /* SF-Pro-Display-Regular.otf in Resources */ = {isa = PBXBuildFile; fileRef = 046C8E392AEB6BDD000ABF83 /* SF-Pro-Display-Regular.otf */; };
		046C8E4C2AEB6BDE000ABF83 /* SF-Pro-Display-LightItalic.otf in Resources */ = {isa = PBXBuildFile; fileRef = 046C8E3A2AEB6BDD000ABF83 /* SF-Pro-Display-LightItalic.otf */; };
		046C8E4D2AEB6BDE000ABF83 /* SF-Pro-Display-ThinItalic.otf in Resources */ = {isa = PBXBuildFile; fileRef = 046C8E3B2AEB6BDD000ABF83 /* SF-Pro-Display-ThinItalic.otf */; };
		046C8E4E2AEB6BDE000ABF83 /* SF-Pro-Display-HeavyItalic.otf in Resources */ = {isa = PBXBuildFile; fileRef = 046C8E3C2AEB6BDD000ABF83 /* SF-Pro-Display-HeavyItalic.otf */; };
		046C8E4F2AEB6BDE000ABF83 /* SF-Pro-Display-SemiboldItalic.otf in Resources */ = {isa = PBXBuildFile; fileRef = 046C8E3D2AEB6BDE000ABF83 /* SF-Pro-Display-SemiboldItalic.otf */; };
		046C8E502AEB6BDE000ABF83 /* SF-Pro-Display-Ultralight.otf in Resources */ = {isa = PBXBuildFile; fileRef = 046C8E3E2AEB6BDE000ABF83 /* SF-Pro-Display-Ultralight.otf */; };
		046C8E512AEB6BDE000ABF83 /* SF-Pro-Display-Light.otf in Resources */ = {isa = PBXBuildFile; fileRef = 046C8E3F2AEB6BDE000ABF83 /* SF-Pro-Display-Light.otf */; };
		046C8E522AEB6BDE000ABF83 /* SF-Pro-Display-RegularItalic.otf in Resources */ = {isa = PBXBuildFile; fileRef = 046C8E402AEB6BDE000ABF83 /* SF-Pro-Display-RegularItalic.otf */; };
		046C8E532AEB6BDE000ABF83 /* SF-Pro-Display-BlackItalic.otf in Resources */ = {isa = PBXBuildFile; fileRef = 046C8E412AEB6BDE000ABF83 /* SF-Pro-Display-BlackItalic.otf */; };
		046C8E542AEB6BDE000ABF83 /* SF-Pro-Display-Medium.otf in Resources */ = {isa = PBXBuildFile; fileRef = 046C8E422AEB6BDE000ABF83 /* SF-Pro-Display-Medium.otf */; };
		046C8E552AEB6BDE000ABF83 /* SF-Pro-Display-Black.otf in Resources */ = {isa = PBXBuildFile; fileRef = 046C8E432AEB6BDE000ABF83 /* SF-Pro-Display-Black.otf */; };
		046C8E562AEB6BDE000ABF83 /* SF-Pro-Display-MediumItalic.otf in Resources */ = {isa = PBXBuildFile; fileRef = 046C8E442AEB6BDE000ABF83 /* SF-Pro-Display-MediumItalic.otf */; };
		046C8E572AEB6BDE000ABF83 /* SF-Pro-Display-UltralightItalic.otf in Resources */ = {isa = PBXBuildFile; fileRef = 046C8E452AEB6BDE000ABF83 /* SF-Pro-Display-UltralightItalic.otf */; };
		046C8E582AEB6BDE000ABF83 /* SF-Pro-Display-BoldItalic.otf in Resources */ = {isa = PBXBuildFile; fileRef = 046C8E462AEB6BDE000ABF83 /* SF-Pro-Display-BoldItalic.otf */; };
		046C8E592AEB6BDE000ABF83 /* SF-Pro-Display-Thin.otf in Resources */ = {isa = PBXBuildFile; fileRef = 046C8E472AEB6BDE000ABF83 /* SF-Pro-Display-Thin.otf */; };
/* End PBXBuildFile section */

/* Begin PBXFileReference section */
		040E7F082ADA5DA600DD464B /* sopt_second_seminar.app */ = {isa = PBXFileReference; explicitFileType = wrapper.application; includeInIndex = 0; path = sopt_second_seminar.app; sourceTree = BUILT_PRODUCTS_DIR; };
		040E7F0B2ADA5DA600DD464B /* AppDelegate.swift */ = {isa = PBXFileReference; lastKnownFileType = sourcecode.swift; path = AppDelegate.swift; sourceTree = "<group>"; };
		040E7F0D2ADA5DA600DD464B /* SceneDelegate.swift */ = {isa = PBXFileReference; lastKnownFileType = sourcecode.swift; path = SceneDelegate.swift; sourceTree = "<group>"; };
		040E7F0F2ADA5DA600DD464B /* ViewController.swift */ = {isa = PBXFileReference; lastKnownFileType = sourcecode.swift; path = ViewController.swift; sourceTree = "<group>"; };
		040E7F142ADA5DA700DD464B /* Assets.xcassets */ = {isa = PBXFileReference; lastKnownFileType = folder.assetcatalog; path = Assets.xcassets; sourceTree = "<group>"; };
		040E7F172ADA5DA700DD464B /* Base */ = {isa = PBXFileReference; lastKnownFileType = file.storyboard; name = Base; path = Base.lproj/LaunchScreen.storyboard; sourceTree = "<group>"; };
		040E7F192ADA5DA700DD464B /* Info.plist */ = {isa = PBXFileReference; lastKnownFileType = text.plist.xml; path = Info.plist; sourceTree = "<group>"; };
		040E7F1F2ADA6D1A00DD464B /* SecondViewController.swift */ = {isa = PBXFileReference; lastKnownFileType = sourcecode.swift; path = SecondViewController.swift; sourceTree = "<group>"; };
		04591CD42AE932B7000B64EE /* protocol.swift */ = {isa = PBXFileReference; lastKnownFileType = sourcecode.swift; path = protocol.swift; sourceTree = "<group>"; };
		045C16C42AE8AF1D0088702F /* timeline.swift */ = {isa = PBXFileReference; lastKnownFileType = sourcecode.swift; path = timeline.swift; sourceTree = "<group>"; };
		045C16C62AE8BB9D0088702F /* weatherinfo.swift */ = {isa = PBXFileReference; lastKnownFileType = sourcecode.swift; path = weatherinfo.swift; sourceTree = "<group>"; };
		045C16C82AE8D3B20088702F /* topviewfordetailVC.swift */ = {isa = PBXFileReference; lastKnownFileType = sourcecode.swift; path = topviewfordetailVC.swift; sourceTree = "<group>"; };
		046C8E362AEB6BDD000ABF83 /* SF-Pro-Display-Semibold.otf */ = {isa = PBXFileReference; lastKnownFileType = file; path = "SF-Pro-Display-Semibold.otf"; sourceTree = "<group>"; };
		046C8E372AEB6BDD000ABF83 /* SF-Pro-Display-Heavy.otf */ = {isa = PBXFileReference; lastKnownFileType = file; path = "SF-Pro-Display-Heavy.otf"; sourceTree = "<group>"; };
		046C8E382AEB6BDD000ABF83 /* SF-Pro-Display-Bold.otf */ = {isa = PBXFileReference; lastKnownFileType = file; path = "SF-Pro-Display-Bold.otf"; sourceTree = "<group>"; };
		046C8E392AEB6BDD000ABF83 /* SF-Pro-Display-Regular.otf */ = {isa = PBXFileReference; lastKnownFileType = file; path = "SF-Pro-Display-Regular.otf"; sourceTree = "<group>"; };
		046C8E3A2AEB6BDD000ABF83 /* SF-Pro-Display-LightItalic.otf */ = {isa = PBXFileReference; lastKnownFileType = file; path = "SF-Pro-Display-LightItalic.otf"; sourceTree = "<group>"; };
		046C8E3B2AEB6BDD000ABF83 /* SF-Pro-Display-ThinItalic.otf */ = {isa = PBXFileReference; lastKnownFileType = file; path = "SF-Pro-Display-ThinItalic.otf"; sourceTree = "<group>"; };
		046C8E3C2AEB6BDD000ABF83 /* SF-Pro-Display-HeavyItalic.otf */ = {isa = PBXFileReference; lastKnownFileType = file; path = "SF-Pro-Display-HeavyItalic.otf"; sourceTree = "<group>"; };
		046C8E3D2AEB6BDE000ABF83 /* SF-Pro-Display-SemiboldItalic.otf */ = {isa = PBXFileReference; lastKnownFileType = file; path = "SF-Pro-Display-SemiboldItalic.otf"; sourceTree = "<group>"; };
		046C8E3E2AEB6BDE000ABF83 /* SF-Pro-Display-Ultralight.otf */ = {isa = PBXFileReference; lastKnownFileType = file; path = "SF-Pro-Display-Ultralight.otf"; sourceTree = "<group>"; };
		046C8E3F2AEB6BDE000ABF83 /* SF-Pro-Display-Light.otf */ = {isa = PBXFileReference; lastKnownFileType = file; path = "SF-Pro-Display-Light.otf"; sourceTree = "<group>"; };
		046C8E402AEB6BDE000ABF83 /* SF-Pro-Display-RegularItalic.otf */ = {isa = PBXFileReference; lastKnownFileType = file; path = "SF-Pro-Display-RegularItalic.otf"; sourceTree = "<group>"; };
		046C8E412AEB6BDE000ABF83 /* SF-Pro-Display-BlackItalic.otf */ = {isa = PBXFileReference; lastKnownFileType = file; path = "SF-Pro-Display-BlackItalic.otf"; sourceTree = "<group>"; };
		046C8E422AEB6BDE000ABF83 /* SF-Pro-Display-Medium.otf */ = {isa = PBXFileReference; lastKnownFileType = file; path = "SF-Pro-Display-Medium.otf"; sourceTree = "<group>"; };
		046C8E432AEB6BDE000ABF83 /* SF-Pro-Display-Black.otf */ = {isa = PBXFileReference; lastKnownFileType = file; path = "SF-Pro-Display-Black.otf"; sourceTree = "<group>"; };
		046C8E442AEB6BDE000ABF83 /* SF-Pro-Display-MediumItalic.otf */ = {isa = PBXFileReference; lastKnownFileType = file; path = "SF-Pro-Display-MediumItalic.otf"; sourceTree = "<group>"; };
		046C8E452AEB6BDE000ABF83 /* SF-Pro-Display-UltralightItalic.otf */ = {isa = PBXFileReference; lastKnownFileType = file; path = "SF-Pro-Display-UltralightItalic.otf"; sourceTree = "<group>"; };
		046C8E462AEB6BDE000ABF83 /* SF-Pro-Display-BoldItalic.otf */ = {isa = PBXFileReference; lastKnownFileType = file; path = "SF-Pro-Display-BoldItalic.otf"; sourceTree = "<group>"; };
		046C8E472AEB6BDE000ABF83 /* SF-Pro-Display-Thin.otf */ = {isa = PBXFileReference; lastKnownFileType = file; path = "SF-Pro-Display-Thin.otf"; sourceTree = "<group>"; };
/* End PBXFileReference section */

/* Begin PBXFrameworksBuildPhase section */
		040E7F052ADA5DA600DD464B /* Frameworks */ = {
			isa = PBXFrameworksBuildPhase;
			buildActionMask = 2147483647;
			files = (
			);
			runOnlyForDeploymentPostprocessing = 0;
		};
/* End PBXFrameworksBuildPhase section */

/* Begin PBXGroup section */
		040E7EFF2ADA5DA600DD464B = {
			isa = PBXGroup;
			children = (
				040E7F0A2ADA5DA600DD464B /* sopt_second_seminar */,
				040E7F092ADA5DA600DD464B /* Products */,
			);
			sourceTree = "<group>";
		};
		040E7F092ADA5DA600DD464B /* Products */ = {
			isa = PBXGroup;
			children = (
				040E7F082ADA5DA600DD464B /* sopt_second_seminar.app */,
			);
			name = Products;
			sourceTree = "<group>";
		};
		040E7F0A2ADA5DA600DD464B /* sopt_second_seminar */ = {
			isa = PBXGroup;
			children = (
				040E7F0B2ADA5DA600DD464B /* AppDelegate.swift */,
				040E7F0D2ADA5DA600DD464B /* SceneDelegate.swift */,
				040E7F0F2ADA5DA600DD464B /* ViewController.swift */,
				040E7F142ADA5DA700DD464B /* Assets.xcassets */,
				040E7F162ADA5DA700DD464B /* LaunchScreen.storyboard */,
				040E7F192ADA5DA700DD464B /* Info.plist */,
				040E7F1F2ADA6D1A00DD464B /* SecondViewController.swift */,
				045C16C42AE8AF1D0088702F /* timeline.swift */,
				045C16C62AE8BB9D0088702F /* weatherinfo.swift */,
				045C16C82AE8D3B20088702F /* topviewfordetailVC.swift */,
				04591CD42AE932B7000B64EE /* protocol.swift */,
				046C8E352AEB6ACC000ABF83 /* Fonts */,
			);
			path = sopt_second_seminar;
			sourceTree = "<group>";
		};
		046C8E352AEB6ACC000ABF83 /* Fonts */ = {
			isa = PBXGroup;
			children = (
				046C8E432AEB6BDE000ABF83 /* SF-Pro-Display-Black.otf */,
				046C8E412AEB6BDE000ABF83 /* SF-Pro-Display-BlackItalic.otf */,
				046C8E382AEB6BDD000ABF83 /* SF-Pro-Display-Bold.otf */,
				046C8E462AEB6BDE000ABF83 /* SF-Pro-Display-BoldItalic.otf */,
				046C8E372AEB6BDD000ABF83 /* SF-Pro-Display-Heavy.otf */,
				046C8E3C2AEB6BDD000ABF83 /* SF-Pro-Display-HeavyItalic.otf */,
				046C8E3F2AEB6BDE000ABF83 /* SF-Pro-Display-Light.otf */,
				046C8E3A2AEB6BDD000ABF83 /* SF-Pro-Display-LightItalic.otf */,
				046C8E422AEB6BDE000ABF83 /* SF-Pro-Display-Medium.otf */,
				046C8E442AEB6BDE000ABF83 /* SF-Pro-Display-MediumItalic.otf */,
				046C8E392AEB6BDD000ABF83 /* SF-Pro-Display-Regular.otf */,
				046C8E402AEB6BDE000ABF83 /* SF-Pro-Display-RegularItalic.otf */,
				046C8E362AEB6BDD000ABF83 /* SF-Pro-Display-Semibold.otf */,
				046C8E3D2AEB6BDE000ABF83 /* SF-Pro-Display-SemiboldItalic.otf */,
				046C8E472AEB6BDE000ABF83 /* SF-Pro-Display-Thin.otf */,
				046C8E3B2AEB6BDD000ABF83 /* SF-Pro-Display-ThinItalic.otf */,
				046C8E3E2AEB6BDE000ABF83 /* SF-Pro-Display-Ultralight.otf */,
				046C8E452AEB6BDE000ABF83 /* SF-Pro-Display-UltralightItalic.otf */,
			);
			path = Fonts;
			sourceTree = "<group>";
		};
/* End PBXGroup section */

/* Begin PBXNativeTarget section */
		040E7F072ADA5DA600DD464B /* sopt_second_seminar */ = {
			isa = PBXNativeTarget;
			buildConfigurationList = 040E7F1C2ADA5DA700DD464B /* Build configuration list for PBXNativeTarget "sopt_second_seminar" */;
			buildPhases = (
				040E7F042ADA5DA600DD464B /* Sources */,
				040E7F052ADA5DA600DD464B /* Frameworks */,
				040E7F062ADA5DA600DD464B /* Resources */,
			);
			buildRules = (
			);
			dependencies = (
			);
			name = sopt_second_seminar;
			productName = sopt_second_seminar;
			productReference = 040E7F082ADA5DA600DD464B /* sopt_second_seminar.app */;
			productType = "com.apple.product-type.application";
		};
/* End PBXNativeTarget section */

/* Begin PBXProject section */
		040E7F002ADA5DA600DD464B /* Project object */ = {
			isa = PBXProject;
			attributes = {
				BuildIndependentTargetsInParallel = 1;
				LastSwiftUpdateCheck = 1500;
				LastUpgradeCheck = 1500;
				TargetAttributes = {
					040E7F072ADA5DA600DD464B = {
						CreatedOnToolsVersion = 15.0;
					};
				};
			};
			buildConfigurationList = 040E7F032ADA5DA600DD464B /* Build configuration list for PBXProject "sopt_second_seminar" */;
			compatibilityVersion = "Xcode 14.0";
			developmentRegion = en;
			hasScannedForEncodings = 0;
			knownRegions = (
				en,
				Base,
			);
			mainGroup = 040E7EFF2ADA5DA600DD464B;
			productRefGroup = 040E7F092ADA5DA600DD464B /* Products */;
			projectDirPath = "";
			projectRoot = "";
			targets = (
				040E7F072ADA5DA600DD464B /* sopt_second_seminar */,
			);
		};
/* End PBXProject section */

/* Begin PBXResourcesBuildPhase section */
		040E7F062ADA5DA600DD464B /* Resources */ = {
			isa = PBXResourcesBuildPhase;
			buildActionMask = 2147483647;
			files = (
				046C8E592AEB6BDE000ABF83 /* SF-Pro-Display-Thin.otf in Resources */,
				046C8E482AEB6BDE000ABF83 /* SF-Pro-Display-Semibold.otf in Resources */,
				046C8E4A2AEB6BDE000ABF83 /* SF-Pro-Display-Bold.otf in Resources */,
				040E7F182ADA5DA700DD464B /* LaunchScreen.storyboard in Resources */,
				046C8E572AEB6BDE000ABF83 /* SF-Pro-Display-UltralightItalic.otf in Resources */,
				046C8E552AEB6BDE000ABF83 /* SF-Pro-Display-Black.otf in Resources */,
				046C8E522AEB6BDE000ABF83 /* SF-Pro-Display-RegularItalic.otf in Resources */,
				040E7F152ADA5DA700DD464B /* Assets.xcassets in Resources */,
				046C8E4F2AEB6BDE000ABF83 /* SF-Pro-Display-SemiboldItalic.otf in Resources */,
				046C8E4D2AEB6BDE000ABF83 /* SF-Pro-Display-ThinItalic.otf in Resources */,
				046C8E4B2AEB6BDE000ABF83 /* SF-Pro-Display-Regular.otf in Resources */,
				046C8E492AEB6BDE000ABF83 /* SF-Pro-Display-Heavy.otf in Resources */,
				046C8E542AEB6BDE000ABF83 /* SF-Pro-Display-Medium.otf in Resources */,
				046C8E532AEB6BDE000ABF83 /* SF-Pro-Display-BlackItalic.otf in Resources */,
				046C8E562AEB6BDE000ABF83 /* SF-Pro-Display-MediumItalic.otf in Resources */,
				046C8E582AEB6BDE000ABF83 /* SF-Pro-Display-BoldItalic.otf in Resources */,
				046C8E4E2AEB6BDE000ABF83 /* SF-Pro-Display-HeavyItalic.otf in Resources */,
				046C8E502AEB6BDE000ABF83 /* SF-Pro-Display-Ultralight.otf in Resources */,
				046C8E512AEB6BDE000ABF83 /* SF-Pro-Display-Light.otf in Resources */,
				046C8E4C2AEB6BDE000ABF83 /* SF-Pro-Display-LightItalic.otf in Resources */,
			);
			runOnlyForDeploymentPostprocessing = 0;
		};
/* End PBXResourcesBuildPhase section */

/* Begin PBXSourcesBuildPhase section */
		040E7F042ADA5DA600DD464B /* Sources */ = {
			isa = PBXSourcesBuildPhase;
			buildActionMask = 2147483647;
			files = (
				045C16C72AE8BB9D0088702F /* weatherinfo.swift in Sources */,
				040E7F202ADA6D1A00DD464B /* SecondViewController.swift in Sources */,
				040E7F102ADA5DA600DD464B /* ViewController.swift in Sources */,
				04591CD52AE932B7000B64EE /* protocol.swift in Sources */,
				045C16C52AE8AF1D0088702F /* timeline.swift in Sources */,
				045C16C92AE8D3B20088702F /* topviewfordetailVC.swift in Sources */,
				040E7F0C2ADA5DA600DD464B /* AppDelegate.swift in Sources */,
				040E7F0E2ADA5DA600DD464B /* SceneDelegate.swift in Sources */,
			);
			runOnlyForDeploymentPostprocessing = 0;
		};
/* End PBXSourcesBuildPhase section */

/* Begin PBXVariantGroup section */
		040E7F162ADA5DA700DD464B /* LaunchScreen.storyboard */ = {
			isa = PBXVariantGroup;
			children = (
				040E7F172ADA5DA700DD464B /* Base */,
			);
			name = LaunchScreen.storyboard;
			sourceTree = "<group>";
		};
/* End PBXVariantGroup section */

/* Begin XCBuildConfiguration section */
		040E7F1A2ADA5DA700DD464B /* Debug */ = {
			isa = XCBuildConfiguration;
			buildSettings = {
				ALWAYS_SEARCH_USER_PATHS = NO;
				ASSETCATALOG_COMPILER_GENERATE_SWIFT_ASSET_SYMBOL_EXTENSIONS = YES;
				CLANG_ANALYZER_NONNULL = YES;
				CLANG_ANALYZER_NUMBER_OBJECT_CONVERSION = YES_AGGRESSIVE;
				CLANG_CXX_LANGUAGE_STANDARD = "gnu++20";
				CLANG_ENABLE_MODULES = YES;
				CLANG_ENABLE_OBJC_ARC = YES;
				CLANG_ENABLE_OBJC_WEAK = YES;
				CLANG_WARN_BLOCK_CAPTURE_AUTORELEASING = YES;
				CLANG_WARN_BOOL_CONVERSION = YES;
				CLANG_WARN_COMMA = YES;
				CLANG_WARN_CONSTANT_CONVERSION = YES;
				CLANG_WARN_DEPRECATED_OBJC_IMPLEMENTATIONS = YES;
				CLANG_WARN_DIRECT_OBJC_ISA_USAGE = YES_ERROR;
				CLANG_WARN_DOCUMENTATION_COMMENTS = YES;
				CLANG_WARN_EMPTY_BODY = YES;
				CLANG_WARN_ENUM_CONVERSION = YES;
				CLANG_WARN_INFINITE_RECURSION = YES;
				CLANG_WARN_INT_CONVERSION = YES;
				CLANG_WARN_NON_LITERAL_NULL_CONVERSION = YES;
				CLANG_WARN_OBJC_IMPLICIT_RETAIN_SELF = YES;
				CLANG_WARN_OBJC_LITERAL_CONVERSION = YES;
				CLANG_WARN_OBJC_ROOT_CLASS = YES_ERROR;
				CLANG_WARN_QUOTED_INCLUDE_IN_FRAMEWORK_HEADER = YES;
				CLANG_WARN_RANGE_LOOP_ANALYSIS = YES;
				CLANG_WARN_STRICT_PROTOTYPES = YES;
				CLANG_WARN_SUSPICIOUS_MOVE = YES;
				CLANG_WARN_UNGUARDED_AVAILABILITY = YES_AGGRESSIVE;
				CLANG_WARN_UNREACHABLE_CODE = YES;
				CLANG_WARN__DUPLICATE_METHOD_MATCH = YES;
				COPY_PHASE_STRIP = NO;
				DEBUG_INFORMATION_FORMAT = dwarf;
				ENABLE_STRICT_OBJC_MSGSEND = YES;
				ENABLE_TESTABILITY = YES;
				ENABLE_USER_SCRIPT_SANDBOXING = YES;
				GCC_C_LANGUAGE_STANDARD = gnu17;
				GCC_DYNAMIC_NO_PIC = NO;
				GCC_NO_COMMON_BLOCKS = YES;
				GCC_OPTIMIZATION_LEVEL = 0;
				GCC_PREPROCESSOR_DEFINITIONS = (
					"DEBUG=1",
					"$(inherited)",
				);
				GCC_WARN_64_TO_32_BIT_CONVERSION = YES;
				GCC_WARN_ABOUT_RETURN_TYPE = YES_ERROR;
				GCC_WARN_UNDECLARED_SELECTOR = YES;
				GCC_WARN_UNINITIALIZED_AUTOS = YES_AGGRESSIVE;
				GCC_WARN_UNUSED_FUNCTION = YES;
				GCC_WARN_UNUSED_VARIABLE = YES;
				IPHONEOS_DEPLOYMENT_TARGET = 17.0;
				LOCALIZATION_PREFERS_STRING_CATALOGS = YES;
				MTL_ENABLE_DEBUG_INFO = INCLUDE_SOURCE;
				MTL_FAST_MATH = YES;
				ONLY_ACTIVE_ARCH = YES;
				SDKROOT = iphoneos;
				SWIFT_ACTIVE_COMPILATION_CONDITIONS = "DEBUG $(inherited)";
				SWIFT_OPTIMIZATION_LEVEL = "-Onone";
			};
			name = Debug;
		};
		040E7F1B2ADA5DA700DD464B /* Release */ = {
			isa = XCBuildConfiguration;
			buildSettings = {
				ALWAYS_SEARCH_USER_PATHS = NO;
				ASSETCATALOG_COMPILER_GENERATE_SWIFT_ASSET_SYMBOL_EXTENSIONS = YES;
				CLANG_ANALYZER_NONNULL = YES;
				CLANG_ANALYZER_NUMBER_OBJECT_CONVERSION = YES_AGGRESSIVE;
				CLANG_CXX_LANGUAGE_STANDARD = "gnu++20";
				CLANG_ENABLE_MODULES = YES;
				CLANG_ENABLE_OBJC_ARC = YES;
				CLANG_ENABLE_OBJC_WEAK = YES;
				CLANG_WARN_BLOCK_CAPTURE_AUTORELEASING = YES;
				CLANG_WARN_BOOL_CONVERSION = YES;
				CLANG_WARN_COMMA = YES;
				CLANG_WARN_CONSTANT_CONVERSION = YES;
				CLANG_WARN_DEPRECATED_OBJC_IMPLEMENTATIONS = YES;
				CLANG_WARN_DIRECT_OBJC_ISA_USAGE = YES_ERROR;
				CLANG_WARN_DOCUMENTATION_COMMENTS = YES;
				CLANG_WARN_EMPTY_BODY = YES;
				CLANG_WARN_ENUM_CONVERSION = YES;
				CLANG_WARN_INFINITE_RECURSION = YES;
				CLANG_WARN_INT_CONVERSION = YES;
				CLANG_WARN_NON_LITERAL_NULL_CONVERSION = YES;
				CLANG_WARN_OBJC_IMPLICIT_RETAIN_SELF = YES;
				CLANG_WARN_OBJC_LITERAL_CONVERSION = YES;
				CLANG_WARN_OBJC_ROOT_CLASS = YES_ERROR;
				CLANG_WARN_QUOTED_INCLUDE_IN_FRAMEWORK_HEADER = YES;
				CLANG_WARN_RANGE_LOOP_ANALYSIS = YES;
				CLANG_WARN_STRICT_PROTOTYPES = YES;
				CLANG_WARN_SUSPICIOUS_MOVE = YES;
				CLANG_WARN_UNGUARDED_AVAILABILITY = YES_AGGRESSIVE;
				CLANG_WARN_UNREACHABLE_CODE = YES;
				CLANG_WARN__DUPLICATE_METHOD_MATCH = YES;
				COPY_PHASE_STRIP = NO;
				DEBUG_INFORMATION_FORMAT = "dwarf-with-dsym";
				ENABLE_NS_ASSERTIONS = NO;
				ENABLE_STRICT_OBJC_MSGSEND = YES;
				ENABLE_USER_SCRIPT_SANDBOXING = YES;
				GCC_C_LANGUAGE_STANDARD = gnu17;
				GCC_NO_COMMON_BLOCKS = YES;
				GCC_WARN_64_TO_32_BIT_CONVERSION = YES;
				GCC_WARN_ABOUT_RETURN_TYPE = YES_ERROR;
				GCC_WARN_UNDECLARED_SELECTOR = YES;
				GCC_WARN_UNINITIALIZED_AUTOS = YES_AGGRESSIVE;
				GCC_WARN_UNUSED_FUNCTION = YES;
				GCC_WARN_UNUSED_VARIABLE = YES;
				IPHONEOS_DEPLOYMENT_TARGET = 17.0;
				LOCALIZATION_PREFERS_STRING_CATALOGS = YES;
				MTL_ENABLE_DEBUG_INFO = NO;
				MTL_FAST_MATH = YES;
				SDKROOT = iphoneos;
				SWIFT_COMPILATION_MODE = wholemodule;
				VALIDATE_PRODUCT = YES;
			};
			name = Release;
		};
		040E7F1D2ADA5DA700DD464B /* Debug */ = {
			isa = XCBuildConfiguration;
			buildSettings = {
				ASSETCATALOG_COMPILER_APPICON_NAME = AppIcon;
				ASSETCATALOG_COMPILER_GLOBAL_ACCENT_COLOR_NAME = AccentColor;
				CODE_SIGN_STYLE = Automatic;
				CURRENT_PROJECT_VERSION = 1;
				GENERATE_INFOPLIST_FILE = YES;
				INFOPLIST_FILE = sopt_second_seminar/Info.plist;
				INFOPLIST_KEY_UIApplicationSupportsIndirectInputEvents = YES;
				INFOPLIST_KEY_UILaunchStoryboardName = LaunchScreen;
				INFOPLIST_KEY_UISupportedInterfaceOrientations_iPad = "UIInterfaceOrientationPortrait UIInterfaceOrientationPortraitUpsideDown UIInterfaceOrientationLandscapeLeft UIInterfaceOrientationLandscapeRight";
				INFOPLIST_KEY_UISupportedInterfaceOrientations_iPhone = "UIInterfaceOrientationPortrait UIInterfaceOrientationLandscapeLeft UIInterfaceOrientationLandscapeRight";
				LD_RUNPATH_SEARCH_PATHS = (
					"$(inherited)",
					"@executable_path/Frameworks",
				);
				MARKETING_VERSION = 1.0;
				PRODUCT_BUNDLE_IDENTIFIER = "com.lwj.sopt-second-seminar";
				PRODUCT_NAME = "$(TARGET_NAME)";
				SWIFT_EMIT_LOC_STRINGS = YES;
				SWIFT_VERSION = 5.0;
				TARGETED_DEVICE_FAMILY = "1,2";
			};
			name = Debug;
		};
		040E7F1E2ADA5DA700DD464B /* Release */ = {
			isa = XCBuildConfiguration;
			buildSettings = {
				ASSETCATALOG_COMPILER_APPICON_NAME = AppIcon;
				ASSETCATALOG_COMPILER_GLOBAL_ACCENT_COLOR_NAME = AccentColor;
				CODE_SIGN_STYLE = Automatic;
				CURRENT_PROJECT_VERSION = 1;
				GENERATE_INFOPLIST_FILE = YES;
				INFOPLIST_FILE = sopt_second_seminar/Info.plist;
				INFOPLIST_KEY_UIApplicationSupportsIndirectInputEvents = YES;
				INFOPLIST_KEY_UILaunchStoryboardName = LaunchScreen;
				INFOPLIST_KEY_UISupportedInterfaceOrientations_iPad = "UIInterfaceOrientationPortrait UIInterfaceOrientationPortraitUpsideDown UIInterfaceOrientationLandscapeLeft UIInterfaceOrientationLandscapeRight";
				INFOPLIST_KEY_UISupportedInterfaceOrientations_iPhone = "UIInterfaceOrientationPortrait UIInterfaceOrientationLandscapeLeft UIInterfaceOrientationLandscapeRight";
				LD_RUNPATH_SEARCH_PATHS = (
					"$(inherited)",
					"@executable_path/Frameworks",
				);
				MARKETING_VERSION = 1.0;
				PRODUCT_BUNDLE_IDENTIFIER = "com.lwj.sopt-second-seminar";
				PRODUCT_NAME = "$(TARGET_NAME)";
				SWIFT_EMIT_LOC_STRINGS = YES;
				SWIFT_VERSION = 5.0;
				TARGETED_DEVICE_FAMILY = "1,2";
			};
			name = Release;
		};
/* End XCBuildConfiguration section */

/* Begin XCConfigurationList section */
		040E7F032ADA5DA600DD464B /* Build configuration list for PBXProject "sopt_second_seminar" */ = {
			isa = XCConfigurationList;
			buildConfigurations = (
				040E7F1A2ADA5DA700DD464B /* Debug */,
				040E7F1B2ADA5DA700DD464B /* Release */,
			);
			defaultConfigurationIsVisible = 0;
			defaultConfigurationName = Release;
		};
		040E7F1C2ADA5DA700DD464B /* Build configuration list for PBXNativeTarget "sopt_second_seminar" */ = {
			isa = XCConfigurationList;
			buildConfigurations = (
				040E7F1D2ADA5DA700DD464B /* Debug */,
				040E7F1E2ADA5DA700DD464B /* Release */,
			);
			defaultConfigurationIsVisible = 0;
			defaultConfigurationName = Release;
		};
/* End XCConfigurationList section */
	};
	rootObject = 040E7F002ADA5DA600DD464B /* Project object */;
}
